
Microsoft Visual Studio Solution File, Format Version 12.00
# Visual Studio Version 17
VisualStudioVersion = 17.5.33516.290
MinimumVisualStudioVersion = 10.0.40219.1
Project("{9A19103F-16F7-4668-BE54-9A1E7A4F7556}") = "vNekoChatUI", "vNekoChatUI\vNekoChatUI.csproj", "{06DD9EC6-D9C4-4D11-B763-E2C1B9F50C8D}"
	ProjectSection(ProjectDependencies) = postProject
		{621FD66E-77EF-43FC-BE46-E4F7EDAD5BCE} = {621FD66E-77EF-43FC-BE46-E4F7EDAD5BCE}
		{6E52D97B-76A2-410A-9664-AF5F67C1C598} = {6E52D97B-76A2-410A-9664-AF5F67C1C598}
		{CA69577D-B319-4676-AD7D-7FB53077F4D1} = {CA69577D-B319-4676-AD7D-7FB53077F4D1}
	EndProjectSection
EndProject
Project("{9A19103F-16F7-4668-BE54-9A1E7A4F7556}") = "vNekoChatUI.Base", "vNekoChatUI.Base\vNekoChatUI.Base.csproj", "{CA69577D-B319-4676-AD7D-7FB53077F4D1}"
EndProject
Project("{9A19103F-16F7-4668-BE54-9A1E7A4F7556}") = "vNekoChatUI.Character", "vNekoChatUI.Character\vNekoChatUI.Character.csproj", "{621FD66E-77EF-43FC-BE46-E4F7EDAD5BCE}"
	ProjectSection(ProjectDependencies) = postProject
		{B2F75AE6-54AE-48D7-8E15-D76C3234A7B9} = {B2F75AE6-54AE-48D7-8E15-D76C3234A7B9}
	EndProjectSection
EndProject
Project("{9A19103F-16F7-4668-BE54-9A1E7A4F7556}") = "vNekoChatUI.Character.SocketUtils", "vNekoChatUI.Character.SocketUtils\vNekoChatUI.Character.SocketUtils.csproj", "{B2F75AE6-54AE-48D7-8E15-D76C3234A7B9}"
EndProject
Project("{9A19103F-16F7-4668-BE54-9A1E7A4F7556}") = "vNekoChatUI.Character.BingUtils", "vNekoChatUI.Character.BingUtils\vNekoChatUI.Character.BingUtils.csproj", "{B6D17764-E8C5-451D-A170-2291EE1B5593}"
EndProject
Project("{9A19103F-16F7-4668-BE54-9A1E7A4F7556}") = "Common.WPF", "Common.WPF\Common.WPF.csproj", "{6E52D97B-76A2-410A-9664-AF5F67C1C598}"
	ProjectSection(ProjectDependencies) = postProject
		{AD0B382C-BE24-4BB3-9AA6-28FD373237E9} = {AD0B382C-BE24-4BB3-9AA6-28FD373237E9}
	EndProjectSection
EndProject
Project("{9A19103F-16F7-4668-BE54-9A1E7A4F7556}") = "vNekoChatUI.Web.BlazorServer", "vNekoChatUI.Web.BlazorServer\vNekoChatUI.Web.BlazorServer.csproj", "{87806912-46A2-4273-9DA9-7ED4BA647C02}"
	ProjectSection(ProjectDependencies) = postProject
		{AD0B382C-BE24-4BB3-9AA6-28FD373237E9} = {AD0B382C-BE24-4BB3-9AA6-28FD373237E9}
	EndProjectSection
EndProject
Project("{9A19103F-16F7-4668-BE54-9A1E7A4F7556}") = "Common", "Common\Common.csproj", "{AD0B382C-BE24-4BB3-9AA6-28FD373237E9}"
EndProject
Project("{9A19103F-16F7-4668-BE54-9A1E7A4F7556}") = "vNekoChatUI.Character.GeminiUtils", "vNekoChatUI.Character.GeminiUtils\vNekoChatUI.Character.GeminiUtils.csproj", "{2D7678CF-E66C-4672-A058-BC2EB95A7019}"
EndProject
Project("{9A19103F-16F7-4668-BE54-9A1E7A4F7556}") = "vNekoChatUI.Character.ChatGptUtils", "vNekoChatUI.Character.ChatGptUtils\vNekoChatUI.Character.ChatGptUtils.csproj", "{3A27CCB7-EA06-494A-98A7-73FBEBC6B2C1}"
EndProject
Project("{FAE04EC0-301F-11D3-BF4B-00C04F79EFBC}") = "vNekoChatUI.TrarsWindow", "vNekoChatUI.TrarsWindow\vNekoChatUI.TrarsWindow.csproj", "{EEB7BB60-C196-428D-9CFD-6C79B21731C8}"
EndProject
Global
	GlobalSection(SolutionConfigurationPlatforms) = preSolution
		Debug|Any CPU = Debug|Any CPU
		Debug|x64 = Debug|x64
		Release|Any CPU = Release|Any CPU
		Release|x64 = Release|x64
	EndGlobalSection
	GlobalSection(ProjectConfigurationPlatforms) = postSolution
		{06DD9EC6-D9C4-4D11-B763-E2C1B9F50C8D}.Debug|Any CPU.ActiveCfg = Debug|x64
		{06DD9EC6-D9C4-4D11-B763-E2C1B9F50C8D}.Debug|Any CPU.Build.0 = Debug|x64
		{06DD9EC6-D9C4-4D11-B763-E2C1B9F50C8D}.Debug|x64.ActiveCfg = Debug|x64
		{06DD9EC6-D9C4-4D11-B763-E2C1B9F50C8D}.Debug|x64.Build.0 = Debug|x64
		{06DD9EC6-D9C4-4D11-B763-E2C1B9F50C8D}.Release|Any CPU.ActiveCfg = Release|x64
		{06DD9EC6-D9C4-4D11-B763-E2C1B9F50C8D}.Release|Any CPU.Build.0 = Release|x64
		{06DD9EC6-D9C4-4D11-B763-E2C1B9F50C8D}.Release|x64.ActiveCfg = Release|x64
		{06DD9EC6-D9C4-4D11-B763-E2C1B9F50C8D}.Release|x64.Build.0 = Release|x64
		{CA69577D-B319-4676-AD7D-7FB53077F4D1}.Debug|Any CPU.ActiveCfg = Debug|x64
		{CA69577D-B319-4676-AD7D-7FB53077F4D1}.Debug|Any CPU.Build.0 = Debug|x64
		{CA69577D-B319-4676-AD7D-7FB53077F4D1}.Debug|x64.ActiveCfg = Debug|x64
		{CA69577D-B319-4676-AD7D-7FB53077F4D1}.Debug|x64.Build.0 = Debug|x64
		{CA69577D-B319-4676-AD7D-7FB53077F4D1}.Release|Any CPU.ActiveCfg = Release|x64
		{CA69577D-B319-4676-AD7D-7FB53077F4D1}.Release|Any CPU.Build.0 = Release|x64
		{CA69577D-B319-4676-AD7D-7FB53077F4D1}.Release|x64.ActiveCfg = Release|x64
		{CA69577D-B319-4676-AD7D-7FB53077F4D1}.Release|x64.Build.0 = Release|x64
		{621FD66E-77EF-43FC-BE46-E4F7EDAD5BCE}.Debug|Any CPU.ActiveCfg = Debug|x64
		{621FD66E-77EF-43FC-BE46-E4F7EDAD5BCE}.Debug|Any CPU.Build.0 = Debug|x64
		{621FD66E-77EF-43FC-BE46-E4F7EDAD5BCE}.Debug|x64.ActiveCfg = Debug|x64
		{621FD66E-77EF-43FC-BE46-E4F7EDAD5BCE}.Debug|x64.Build.0 = Debug|x64
		{621FD66E-77EF-43FC-BE46-E4F7EDAD5BCE}.Release|Any CPU.ActiveCfg = Release|x64
		{621FD66E-77EF-43FC-BE46-E4F7EDAD5BCE}.Release|Any CPU.Build.0 = Release|x64
		{621FD66E-77EF-43FC-BE46-E4F7EDAD5BCE}.Release|x64.ActiveCfg = Release|x64
		{621FD66E-77EF-43FC-BE46-E4F7EDAD5BCE}.Release|x64.Build.0 = Release|x64
		{B2F75AE6-54AE-48D7-8E15-D76C3234A7B9}.Debug|Any CPU.ActiveCfg = Debug|x64
		{B2F75AE6-54AE-48D7-8E15-D76C3234A7B9}.Debug|Any CPU.Build.0 = Debug|x64
		{B2F75AE6-54AE-48D7-8E15-D76C3234A7B9}.Debug|x64.ActiveCfg = Debug|x64
		{B2F75AE6-54AE-48D7-8E15-D76C3234A7B9}.Debug|x64.Build.0 = Debug|x64
		{B2F75AE6-54AE-48D7-8E15-D76C3234A7B9}.Release|Any CPU.ActiveCfg = Release|x64
		{B2F75AE6-54AE-48D7-8E15-D76C3234A7B9}.Release|Any CPU.Build.0 = Release|x64
		{B2F75AE6-54AE-48D7-8E15-D76C3234A7B9}.Release|x64.ActiveCfg = Release|x64
		{B2F75AE6-54AE-48D7-8E15-D76C3234A7B9}.Release|x64.Build.0 = Release|x64
		{B6D17764-E8C5-451D-A170-2291EE1B5593}.Debug|Any CPU.ActiveCfg = Debug|x64
		{B6D17764-E8C5-451D-A170-2291EE1B5593}.Debug|Any CPU.Build.0 = Debug|x64
		{B6D17764-E8C5-451D-A170-2291EE1B5593}.Debug|x64.ActiveCfg = Debug|x64
		{B6D17764-E8C5-451D-A170-2291EE1B5593}.Debug|x64.Build.0 = Debug|x64
		{B6D17764-E8C5-451D-A170-2291EE1B5593}.Release|Any CPU.ActiveCfg = Release|x64
		{B6D17764-E8C5-451D-A170-2291EE1B5593}.Release|Any CPU.Build.0 = Release|x64
		{B6D17764-E8C5-451D-A170-2291EE1B5593}.Release|x64.ActiveCfg = Release|x64
		{B6D17764-E8C5-451D-A170-2291EE1B5593}.Release|x64.Build.0 = Release|x64
		{6E52D97B-76A2-410A-9664-AF5F67C1C598}.Debug|Any CPU.ActiveCfg = Debug|x64
		{6E52D97B-76A2-410A-9664-AF5F67C1C598}.Debug|Any CPU.Build.0 = Debug|x64
		{6E52D97B-76A2-410A-9664-AF5F67C1C598}.Debug|x64.ActiveCfg = Debug|x64
		{6E52D97B-76A2-410A-9664-AF5F67C1C598}.Debug|x64.Build.0 = Debug|x64
		{6E52D97B-76A2-410A-9664-AF5F67C1C598}.Release|Any CPU.ActiveCfg = Release|x64
		{6E52D97B-76A2-410A-9664-AF5F67C1C598}.Release|Any CPU.Build.0 = Release|x64
		{6E52D97B-76A2-410A-9664-AF5F67C1C598}.Release|x64.ActiveCfg = Release|x64
		{6E52D97B-76A2-410A-9664-AF5F67C1C598}.Release|x64.Build.0 = Release|x64
		{87806912-46A2-4273-9DA9-7ED4BA647C02}.Debug|Any CPU.ActiveCfg = Debug|x64
		{87806912-46A2-4273-9DA9-7ED4BA647C02}.Debug|Any CPU.Build.0 = Debug|x64
		{87806912-46A2-4273-9DA9-7ED4BA647C02}.Debug|x64.ActiveCfg = Debug|x64
		{87806912-46A2-4273-9DA9-7ED4BA647C02}.Debug|x64.Build.0 = Debug|x64
		{87806912-46A2-4273-9DA9-7ED4BA647C02}.Release|Any CPU.ActiveCfg = Release|x64
		{87806912-46A2-4273-9DA9-7ED4BA647C02}.Release|Any CPU.Build.0 = Release|x64
		{87806912-46A2-4273-9DA9-7ED4BA647C02}.Release|x64.ActiveCfg = Release|x64
		{87806912-46A2-4273-9DA9-7ED4BA647C02}.Release|x64.Build.0 = Release|x64
		{AD0B382C-BE24-4BB3-9AA6-28FD373237E9}.Debug|Any CPU.ActiveCfg = Debug|x64
		{AD0B382C-BE24-4BB3-9AA6-28FD373237E9}.Debug|Any CPU.Build.0 = Debug|x64
		{AD0B382C-BE24-4BB3-9AA6-28FD373237E9}.Debug|x64.ActiveCfg = Debug|x64
		{AD0B382C-BE24-4BB3-9AA6-28FD373237E9}.Debug|x64.Build.0 = Debug|x64
		{AD0B382C-BE24-4BB3-9AA6-28FD373237E9}.Release|Any CPU.ActiveCfg = Release|x64
		{AD0B382C-BE24-4BB3-9AA6-28FD373237E9}.Release|Any CPU.Build.0 = Release|x64
		{AD0B382C-BE24-4BB3-9AA6-28FD373237E9}.Release|x64.ActiveCfg = Release|x64
		{AD0B382C-BE24-4BB3-9AA6-28FD373237E9}.Release|x64.Build.0 = Release|x64
		{2D7678CF-E66C-4672-A058-BC2EB95A7019}.Debug|Any CPU.ActiveCfg = Debug|Any CPU
		{2D7678CF-E66C-4672-A058-BC2EB95A7019}.Debug|Any CPU.Build.0 = Debug|Any CPU
		{2D7678CF-E66C-4672-A058-BC2EB95A7019}.Debug|x64.ActiveCfg = Debug|Any CPU
		{2D7678CF-E66C-4672-A058-BC2EB95A7019}.Debug|x64.Build.0 = Debug|Any CPU
		{2D7678CF-E66C-4672-A058-BC2EB95A7019}.Release|Any CPU.ActiveCfg = Release|Any CPU
		{2D7678CF-E66C-4672-A058-BC2EB95A7019}.Release|Any CPU.Build.0 = Release|Any CPU
		{2D7678CF-E66C-4672-A058-BC2EB95A7019}.Release|x64.ActiveCfg = Release|Any CPU
		{2D7678CF-E66C-4672-A058-BC2EB95A7019}.Release|x64.Build.0 = Release|Any CPU
		{3A27CCB7-EA06-494A-98A7-73FBEBC6B2C1}.Debug|Any CPU.ActiveCfg = Debug|x64
		{3A27CCB7-EA06-494A-98A7-73FBEBC6B2C1}.Debug|Any CPU.Build.0 = Debug|x64
		{3A27CCB7-EA06-494A-98A7-73FBEBC6B2C1}.Debug|x64.ActiveCfg = Debug|x64
		{3A27CCB7-EA06-494A-98A7-73FBEBC6B2C1}.Debug|x64.Build.0 = Debug|x64
		{3A27CCB7-EA06-494A-98A7-73FBEBC6B2C1}.Release|Any CPU.ActiveCfg = Release|x64
		{3A27CCB7-EA06-494A-98A7-73FBEBC6B2C1}.Release|Any CPU.Build.0 = Release|x64
		{3A27CCB7-EA06-494A-98A7-73FBEBC6B2C1}.Release|x64.ActiveCfg = Release|x64
		{3A27CCB7-EA06-494A-98A7-73FBEBC6B2C1}.Release|x64.Build.0 = Release|x64
		{EEB7BB60-C196-428D-9CFD-6C79B21731C8}.Debug|Any CPU.ActiveCfg = Debug|Any CPU
		{EEB7BB60-C196-428D-9CFD-6C79B21731C8}.Debug|Any CPU.Build.0 = Debug|Any CPU
		{EEB7BB60-C196-428D-9CFD-6C79B21731C8}.Debug|x64.ActiveCfg = Debug|Any CPU
		{EEB7BB60-C196-428D-9CFD-6C79B21731C8}.Debug|x64.Build.0 = Debug|Any CPU
		{EEB7BB60-C196-428D-9CFD-6C79B21731C8}.Release|Any CPU.ActiveCfg = Release|Any CPU
		{EEB7BB60-C196-428D-9CFD-6C79B21731C8}.Release|Any CPU.Build.0 = Release|Any CPU
		{EEB7BB60-C196-428D-9CFD-6C79B21731C8}.Release|x64.ActiveCfg = Release|Any CPU
		{EEB7BB60-C196-428D-9CFD-6C79B21731C8}.Release|x64.Build.0 = Release|Any CPU
	EndGlobalSection
	GlobalSection(SolutionProperties) = preSolution
		HideSolutionNode = FALSE
	EndGlobalSection
	GlobalSection(ExtensibilityGlobals) = postSolution
		SolutionGuid = {B9102CF0-CD4A-4918-AB6D-F926DF78B16E}
	EndGlobalSection
EndGlobal
